
Microsoft Visual Studio Solution File, Format Version 12.00
# Visual Studio 15
VisualStudioVersion = 15.0.27428.2037
MinimumVisualStudioVersion = 10.0.40219.1
Project("{FAE04EC0-301F-11D3-BF4B-00C04F79EFBC}") = "Emailer", "Emailer\Emailer.csproj", "{8380904F-DC07-4CB3-923C-73363A4BA1DF}"
EndProject
Global
	GlobalSection(SolutionConfigurationPlatforms) = preSolution
		Debug|Any CPU = Debug|Any CPU
		Release|Any CPU = Release|Any CPU
	EndGlobalSection
	GlobalSection(ProjectConfigurationPlatforms) = postSolution
		{8380904F-DC07-4CB3-923C-73363A4BA1DF}.Debug|Any CPU.ActiveCfg = Debug|Any CPU
		{8380904F-DC07-4CB3-923C-73363A4BA1DF}.Debug|Any CPU.Build.0 = Debug|Any CPU
		{8380904F-DC07-4CB3-923C-73363A4BA1DF}.Release|Any CPU.ActiveCfg = Release|Any CPU
		{8380904F-DC07-4CB3-923C-73363A4BA1DF}.Release|Any CPU.Build.0 = Release|Any CPU
	EndGlobalSection
	GlobalSection(SolutionProperties) = preSolution
		HideSolutionNode = FALSE
	EndGlobalSection
	GlobalSection(ExtensibilityGlobals) = postSolution
		SolutionGuid = {AC28DA41-8CCB-4421-BC12-704C1713E289}
	EndGlobalSection
EndGlobal
