
Microsoft Visual Studio Solution File, Format Version 12.00
# Visual Studio Version 16
VisualStudioVersion = 16.0.30611.23
MinimumVisualStudioVersion = 10.0.40219.1
Project("{9A19103F-16F7-4668-BE54-9A1E7A4F7556}") = "Emailer.SendGrid", "Emailer.SendGrid\Emailer.SendGrid.csproj", "{1F73C3E8-2AD3-4DFA-BB7E-425C41E07969}"
EndProject
Project("{9A19103F-16F7-4668-BE54-9A1E7A4F7556}") = "Emailer.SmtpClient", "Emailer.System.Net.Mail\Emailer.SmtpClient.csproj", "{C1278C27-BF76-47DA-A622-5C8C67C12FE9}"
EndProject
Project("{9A19103F-16F7-4668-BE54-9A1E7A4F7556}") = "Emailer.Abstractions", "Emailer.Abstractions\Emailer.Abstractions.csproj", "{1B67FE78-72BD-4C10-8744-BAE0EBF3BBD7}"
EndProject
Global
	GlobalSection(SolutionConfigurationPlatforms) = preSolution
		Debug|Any CPU = Debug|Any CPU
		Release|Any CPU = Release|Any CPU
	EndGlobalSection
	GlobalSection(ProjectConfigurationPlatforms) = postSolution
		{1F73C3E8-2AD3-4DFA-BB7E-425C41E07969}.Debug|Any CPU.ActiveCfg = Debug|Any CPU
		{1F73C3E8-2AD3-4DFA-BB7E-425C41E07969}.Debug|Any CPU.Build.0 = Debug|Any CPU
		{1F73C3E8-2AD3-4DFA-BB7E-425C41E07969}.Release|Any CPU.ActiveCfg = Release|Any CPU
		{1F73C3E8-2AD3-4DFA-BB7E-425C41E07969}.Release|Any CPU.Build.0 = Release|Any CPU
		{C1278C27-BF76-47DA-A622-5C8C67C12FE9}.Debug|Any CPU.ActiveCfg = Debug|Any CPU
		{C1278C27-BF76-47DA-A622-5C8C67C12FE9}.Debug|Any CPU.Build.0 = Debug|Any CPU
		{C1278C27-BF76-47DA-A622-5C8C67C12FE9}.Release|Any CPU.ActiveCfg = Release|Any CPU
		{C1278C27-BF76-47DA-A622-5C8C67C12FE9}.Release|Any CPU.Build.0 = Release|Any CPU
		{1B67FE78-72BD-4C10-8744-BAE0EBF3BBD7}.Debug|Any CPU.ActiveCfg = Debug|Any CPU
		{1B67FE78-72BD-4C10-8744-BAE0EBF3BBD7}.Debug|Any CPU.Build.0 = Debug|Any CPU
		{1B67FE78-72BD-4C10-8744-BAE0EBF3BBD7}.Release|Any CPU.ActiveCfg = Release|Any CPU
		{1B67FE78-72BD-4C10-8744-BAE0EBF3BBD7}.Release|Any CPU.Build.0 = Release|Any CPU
	EndGlobalSection
	GlobalSection(SolutionProperties) = preSolution
		HideSolutionNode = FALSE
	EndGlobalSection
	GlobalSection(ExtensibilityGlobals) = postSolution
		SolutionGuid = {AC28DA41-8CCB-4421-BC12-704C1713E289}
	EndGlobalSection
EndGlobal
